
Microsoft Visual Studio Solution File, Format Version 12.00
# Visual Studio Version 17
VisualStudioVersion = 17.8.34322.80
MinimumVisualStudioVersion = 10.0.40219.1
Project("{FAE04EC0-301F-11D3-BF4B-00C04F79EFBC}") = "Databaser_Labb3", "Databaser_Labb3.csproj", "{0D2CD9A8-CD84-4087-B08C-F8BAC22A9A13}"
EndProject
Project("{00D1A9C2-B5F0-4AF3-8072-F6C62B433612}") = "TestProjectImportDatabase", "..\TestProjectImportDatabase\TestProjectImportDatabase.sqlproj", "{047FA6A1-DD83-40A4-BA67-70E9D7E38C1A}"
EndProject
Global
	GlobalSection(SolutionConfigurationPlatforms) = preSolution
		Debug|Any CPU = Debug|Any CPU
		Release|Any CPU = Release|Any CPU
	EndGlobalSection
	GlobalSection(ProjectConfigurationPlatforms) = postSolution
		{0D2CD9A8-CD84-4087-B08C-F8BAC22A9A13}.Debug|Any CPU.ActiveCfg = Debug|Any CPU
		{0D2CD9A8-CD84-4087-B08C-F8BAC22A9A13}.Debug|Any CPU.Build.0 = Debug|Any CPU
		{0D2CD9A8-CD84-4087-B08C-F8BAC22A9A13}.Release|Any CPU.ActiveCfg = Release|Any CPU
		{0D2CD9A8-CD84-4087-B08C-F8BAC22A9A13}.Release|Any CPU.Build.0 = Release|Any CPU
		{047FA6A1-DD83-40A4-BA67-70E9D7E38C1A}.Debug|Any CPU.ActiveCfg = Debug|Any CPU
		{047FA6A1-DD83-40A4-BA67-70E9D7E38C1A}.Debug|Any CPU.Build.0 = Debug|Any CPU
		{047FA6A1-DD83-40A4-BA67-70E9D7E38C1A}.Debug|Any CPU.Deploy.0 = Debug|Any CPU
		{047FA6A1-DD83-40A4-BA67-70E9D7E38C1A}.Release|Any CPU.ActiveCfg = Release|Any CPU
		{047FA6A1-DD83-40A4-BA67-70E9D7E38C1A}.Release|Any CPU.Build.0 = Release|Any CPU
		{047FA6A1-DD83-40A4-BA67-70E9D7E38C1A}.Release|Any CPU.Deploy.0 = Release|Any CPU
	EndGlobalSection
	GlobalSection(SolutionProperties) = preSolution
		HideSolutionNode = FALSE
	EndGlobalSection
	GlobalSection(ExtensibilityGlobals) = postSolution
		SolutionGuid = {0896CD2F-4D99-438B-8B28-D591C4AE4132}
	EndGlobalSection
EndGlobal
